
Microsoft Visual Studio Solution File, Format Version 12.00
# Visual Studio Version 17
VisualStudioVersion = 17.12.35514.174
MinimumVisualStudioVersion = 10.0.40219.1
Project("{FAE04EC0-301F-11D3-BF4B-00C04F79EFBC}") = "Excuses.WebApi", "Excuses.WebApi\Excuses.WebApi.csproj", "{9B0791A6-EE5B-4381-85C2-D9B21DAFB832}"
EndProject
Project("{FAE04EC0-301F-11D3-BF4B-00C04F79EFBC}") = "Excuses.Persistence.InMemory", "Excuses.Persistence.InMemory\Excuses.Persistence.InMemory.csproj", "{15510415-C817-4354-A1FE-4D6FA2569035}"
EndProject
Project("{2150E333-8FDC-42A3-9474-1A3956D46DE8}") = "Applications", "Applications", "{878015A7-B09D-41AB-96CB-3B1401224920}"
EndProject
Project("{2150E333-8FDC-42A3-9474-1A3956D46DE8}") = "Libraries", "Libraries", "{880D3A51-D7DF-4797-A819-1B1195204EDB}"
EndProject
Project("{FAE04EC0-301F-11D3-BF4B-00C04F79EFBC}") = "Excuses.Persistence.Shared", "Excuses.Persistence.Shared\Excuses.Persistence.Shared.csproj", "{A1D6DBF7-4E6E-4FB9-A56C-793E0C2A6BFE}"
EndProject
Project("{FAE04EC0-301F-11D3-BF4B-00C04F79EFBC}") = "Excuses.Persistence.EFCore", "Excuses.Persistence.EFCore\Excuses.Persistence.EFCore.csproj", "{C170CB00-1DB0-4BCC-AE3C-C1F5F91EF20B}"
EndProject
Project("{FAE04EC0-301F-11D3-BF4B-00C04F79EFBC}") = "Excuses.FunctionApp", "Excuses.FunctionApp\Excuses.FunctionApp.csproj", "{8E51A66B-B0B9-437F-8249-51F325100D87}"
EndProject
Project("{2150E333-8FDC-42A3-9474-1A3956D46DE8}") = "Solution Items", "Solution Items", "{7B0DC841-CC2C-4136-BB3D-AE54525E96E2}"
	ProjectSection(SolutionItems) = preProject
		docker-compose.yml = docker-compose.yml
		README.md = README.md
		.gitignore = .gitignore
		commands.md = commands.md
	EndProjectSection
EndProject
Global
	GlobalSection(SolutionConfigurationPlatforms) = preSolution
		Debug|Any CPU = Debug|Any CPU
		Release|Any CPU = Release|Any CPU
	EndGlobalSection
	GlobalSection(ProjectConfigurationPlatforms) = postSolution
		{9B0791A6-EE5B-4381-85C2-D9B21DAFB832}.Debug|Any CPU.ActiveCfg = Debug|Any CPU
		{9B0791A6-EE5B-4381-85C2-D9B21DAFB832}.Debug|Any CPU.Build.0 = Debug|Any CPU
		{9B0791A6-EE5B-4381-85C2-D9B21DAFB832}.Release|Any CPU.ActiveCfg = Release|Any CPU
		{9B0791A6-EE5B-4381-85C2-D9B21DAFB832}.Release|Any CPU.Build.0 = Release|Any CPU
		{15510415-C817-4354-A1FE-4D6FA2569035}.Debug|Any CPU.ActiveCfg = Debug|Any CPU
		{15510415-C817-4354-A1FE-4D6FA2569035}.Debug|Any CPU.Build.0 = Debug|Any CPU
		{15510415-C817-4354-A1FE-4D6FA2569035}.Release|Any CPU.ActiveCfg = Release|Any CPU
		{15510415-C817-4354-A1FE-4D6FA2569035}.Release|Any CPU.Build.0 = Release|Any CPU
		{A1D6DBF7-4E6E-4FB9-A56C-793E0C2A6BFE}.Debug|Any CPU.ActiveCfg = Debug|Any CPU
		{A1D6DBF7-4E6E-4FB9-A56C-793E0C2A6BFE}.Debug|Any CPU.Build.0 = Debug|Any CPU
		{A1D6DBF7-4E6E-4FB9-A56C-793E0C2A6BFE}.Release|Any CPU.ActiveCfg = Release|Any CPU
		{A1D6DBF7-4E6E-4FB9-A56C-793E0C2A6BFE}.Release|Any CPU.Build.0 = Release|Any CPU
		{C170CB00-1DB0-4BCC-AE3C-C1F5F91EF20B}.Debug|Any CPU.ActiveCfg = Debug|Any CPU
		{C170CB00-1DB0-4BCC-AE3C-C1F5F91EF20B}.Debug|Any CPU.Build.0 = Debug|Any CPU
		{C170CB00-1DB0-4BCC-AE3C-C1F5F91EF20B}.Release|Any CPU.ActiveCfg = Release|Any CPU
		{C170CB00-1DB0-4BCC-AE3C-C1F5F91EF20B}.Release|Any CPU.Build.0 = Release|Any CPU
		{8E51A66B-B0B9-437F-8249-51F325100D87}.Debug|Any CPU.ActiveCfg = Debug|Any CPU
		{8E51A66B-B0B9-437F-8249-51F325100D87}.Debug|Any CPU.Build.0 = Debug|Any CPU
		{8E51A66B-B0B9-437F-8249-51F325100D87}.Release|Any CPU.ActiveCfg = Release|Any CPU
		{8E51A66B-B0B9-437F-8249-51F325100D87}.Release|Any CPU.Build.0 = Release|Any CPU
	EndGlobalSection
	GlobalSection(SolutionProperties) = preSolution
		HideSolutionNode = FALSE
	EndGlobalSection
	GlobalSection(NestedProjects) = preSolution
		{9B0791A6-EE5B-4381-85C2-D9B21DAFB832} = {878015A7-B09D-41AB-96CB-3B1401224920}
		{15510415-C817-4354-A1FE-4D6FA2569035} = {880D3A51-D7DF-4797-A819-1B1195204EDB}
		{A1D6DBF7-4E6E-4FB9-A56C-793E0C2A6BFE} = {880D3A51-D7DF-4797-A819-1B1195204EDB}
		{C170CB00-1DB0-4BCC-AE3C-C1F5F91EF20B} = {880D3A51-D7DF-4797-A819-1B1195204EDB}
		{8E51A66B-B0B9-437F-8249-51F325100D87} = {878015A7-B09D-41AB-96CB-3B1401224920}
	EndGlobalSection
EndGlobal
